
Microsoft Visual Studio Solution File, Format Version 12.00
# Visual Studio Version 17
VisualStudioVersion = 17.11.35327.3
MinimumVisualStudioVersion = 10.0.40219.1
Project("{FAE04EC0-301F-11D3-BF4B-00C04F79EFBC}") = "WPFMobile", "WPFMobile\WPFMobile.csproj", "{CBB8FC0C-36ED-4E98-B67A-9CDCA91B39F7}"
EndProject
Global
	GlobalSection(SolutionConfigurationPlatforms) = preSolution
		Debug|Any CPU = Debug|Any CPU
		Release|Any CPU = Release|Any CPU
	EndGlobalSection
	GlobalSection(ProjectConfigurationPlatforms) = postSolution
		{CBB8FC0C-36ED-4E98-B67A-9CDCA91B39F7}.Debug|Any CPU.ActiveCfg = Debug|Any CPU
		{CBB8FC0C-36ED-4E98-B67A-9CDCA91B39F7}.Debug|Any CPU.Build.0 = Debug|Any CPU
		{CBB8FC0C-36ED-4E98-B67A-9CDCA91B39F7}.Release|Any CPU.ActiveCfg = Release|Any CPU
		{CBB8FC0C-36ED-4E98-B67A-9CDCA91B39F7}.Release|Any CPU.Build.0 = Release|Any CPU
	EndGlobalSection
	GlobalSection(SolutionProperties) = preSolution
		HideSolutionNode = FALSE
	EndGlobalSection
	GlobalSection(ExtensibilityGlobals) = postSolution
		SolutionGuid = {81ECE2C6-BCD3-41EB-B707-B2ABA58AC574}
	EndGlobalSection
EndGlobal
